
Microsoft Visual Studio Solution File, Format Version 11.00
# Visual Studio 2010
Project("{8BC9CEB8-8B4A-11D0-8D11-00A0C91BC942}") = "Apollo", "Apollo\Apollo.vcxproj", "{90E62AF3-4AC9-466F-9ECD-4F485B67E910}"
EndProject
Project("{8BC9CEB8-8B4A-11D0-8D11-00A0C91BC942}") = "ImageIO", "ImageIO\ImageIO.vcxproj", "{4BA8CD69-A14D-4D8E-86E4-0E52019901D6}"
EndProject
Project("{8BC9CEB8-8B4A-11D0-8D11-00A0C91BC942}") = "Common", "Common\Common.vcxproj", "{D91C71F8-3C58-473F-8A9E-77B6F233FC02}"
EndProject
Project("{8BC9CEB8-8B4A-11D0-8D11-00A0C91BC942}") = "ImageLibrary", "ImageLibrary\ImageLibrary.vcxproj", "{6323B34E-7BE6-4BDD-B0F2-F004771B34DB}"
EndProject
Project("{8BC9CEB8-8B4A-11D0-8D11-00A0C91BC942}") = "ApolloEngine", "ApolloEngine\ApolloEngine.vcxproj", "{B91ED448-5977-47CE-8FDB-E7DE9D3D1789}"
EndProject
Project("{8BC9CEB8-8B4A-11D0-8D11-00A0C91BC942}") = "ApolloTest", "ApolloTest\ApolloTest.vcxproj", "{EF6034FB-826C-4A4A-B7AE-B99C3351F2BC}"
	ProjectSection(ProjectDependencies) = postProject
		{2B39CDE1-7FEB-470A-B568-837DAA01D381} = {2B39CDE1-7FEB-470A-B568-837DAA01D381}
	EndProjectSection
EndProject
Project("{8BC9CEB8-8B4A-11D0-8D11-00A0C91BC942}") = "ImageAnalogies", "ImageAnalogies\ImageAnalogies.vcxproj", "{4EC2C116-1FA2-430B-B3D6-5AACFDC46E05}"
	ProjectSection(ProjectDependencies) = postProject
		{6323B34E-7BE6-4BDD-B0F2-F004771B34DB} = {6323B34E-7BE6-4BDD-B0F2-F004771B34DB}
		{4BA8CD69-A14D-4D8E-86E4-0E52019901D6} = {4BA8CD69-A14D-4D8E-86E4-0E52019901D6}
		{D05EB3C2-C5B7-4B5C-B748-394E728C233C} = {D05EB3C2-C5B7-4B5C-B748-394E728C233C}
		{D91C71F8-3C58-473F-8A9E-77B6F233FC02} = {D91C71F8-3C58-473F-8A9E-77B6F233FC02}
	EndProjectSection
EndProject
Project("{8BC9CEB8-8B4A-11D0-8D11-00A0C91BC942}") = "ANN", "ANN\ANN.vcxproj", "{D05EB3C2-C5B7-4B5C-B748-394E728C233C}"
EndProject
Project("{8BC9CEB8-8B4A-11D0-8D11-00A0C91BC942}") = "ApolloLinearAlgebra", "ApolloLinearAlgebra\ApolloLinearAlgebra.vcxproj", "{5A8CE404-C9B1-47F3-AFF4-CBAB6B8B00DF}"
EndProject
Project("{8BC9CEB8-8B4A-11D0-8D11-00A0C91BC942}") = "Test", "Test\Test.vcxproj", "{DC127A51-0724-4F61-93B2-7945DFAA13F0}"
	ProjectSection(ProjectDependencies) = postProject
		{5A8CE404-C9B1-47F3-AFF4-CBAB6B8B00DF} = {5A8CE404-C9B1-47F3-AFF4-CBAB6B8B00DF}
		{B91ED448-5977-47CE-8FDB-E7DE9D3D1789} = {B91ED448-5977-47CE-8FDB-E7DE9D3D1789}
		{6323B34E-7BE6-4BDD-B0F2-F004771B34DB} = {6323B34E-7BE6-4BDD-B0F2-F004771B34DB}
		{BED8A45C-6E82-460B-B01E-D2EEE87DDD48} = {BED8A45C-6E82-460B-B01E-D2EEE87DDD48}
		{4BA8CD69-A14D-4D8E-86E4-0E52019901D6} = {4BA8CD69-A14D-4D8E-86E4-0E52019901D6}
		{D05EB3C2-C5B7-4B5C-B748-394E728C233C} = {D05EB3C2-C5B7-4B5C-B748-394E728C233C}
		{90E62AF3-4AC9-466F-9ECD-4F485B67E910} = {90E62AF3-4AC9-466F-9ECD-4F485B67E910}
		{D91C71F8-3C58-473F-8A9E-77B6F233FC02} = {D91C71F8-3C58-473F-8A9E-77B6F233FC02}
	EndProjectSection
EndProject
Project("{8BC9CEB8-8B4A-11D0-8D11-00A0C91BC942}") = "ImageSplitter", "ImageSplitter\ImageSplitter.vcxproj", "{CBF002E0-1145-48AD-9942-F655545CCA10}"
	ProjectSection(ProjectDependencies) = postProject
		{6323B34E-7BE6-4BDD-B0F2-F004771B34DB} = {6323B34E-7BE6-4BDD-B0F2-F004771B34DB}
		{4BA8CD69-A14D-4D8E-86E4-0E52019901D6} = {4BA8CD69-A14D-4D8E-86E4-0E52019901D6}
		{D91C71F8-3C58-473F-8A9E-77B6F233FC02} = {D91C71F8-3C58-473F-8A9E-77B6F233FC02}
	EndProjectSection
EndProject
Project("{8BC9CEB8-8B4A-11D0-8D11-00A0C91BC942}") = "FaceRecognition", "FaceRecognition\FaceRecognition.vcxproj", "{BED8A45C-6E82-460B-B01E-D2EEE87DDD48}"
	ProjectSection(ProjectDependencies) = postProject
		{6323B34E-7BE6-4BDD-B0F2-F004771B34DB} = {6323B34E-7BE6-4BDD-B0F2-F004771B34DB}
		{4BA8CD69-A14D-4D8E-86E4-0E52019901D6} = {4BA8CD69-A14D-4D8E-86E4-0E52019901D6}
		{D91C71F8-3C58-473F-8A9E-77B6F233FC02} = {D91C71F8-3C58-473F-8A9E-77B6F233FC02}
	EndProjectSection
EndProject
Project("{8BC9CEB8-8B4A-11D0-8D11-00A0C91BC942}") = "CocParser", "CocParser\CocParser.vcxproj", "{2B39CDE1-7FEB-470A-B568-837DAA01D381}"
	ProjectSection(ProjectDependencies) = postProject
		{B91ED448-5977-47CE-8FDB-E7DE9D3D1789} = {B91ED448-5977-47CE-8FDB-E7DE9D3D1789}
		{6323B34E-7BE6-4BDD-B0F2-F004771B34DB} = {6323B34E-7BE6-4BDD-B0F2-F004771B34DB}
		{4BA8CD69-A14D-4D8E-86E4-0E52019901D6} = {4BA8CD69-A14D-4D8E-86E4-0E52019901D6}
		{D91C71F8-3C58-473F-8A9E-77B6F233FC02} = {D91C71F8-3C58-473F-8A9E-77B6F233FC02}
	EndProjectSection
EndProject
Global
	GlobalSection(SolutionConfigurationPlatforms) = preSolution
		Debug|Win32 = Debug|Win32
		Release|Win32 = Release|Win32
	EndGlobalSection
	GlobalSection(ProjectConfigurationPlatforms) = postSolution
		{90E62AF3-4AC9-466F-9ECD-4F485B67E910}.Debug|Win32.ActiveCfg = Debug|Win32
		{90E62AF3-4AC9-466F-9ECD-4F485B67E910}.Debug|Win32.Build.0 = Debug|Win32
		{90E62AF3-4AC9-466F-9ECD-4F485B67E910}.Release|Win32.ActiveCfg = Release|Win32
		{90E62AF3-4AC9-466F-9ECD-4F485B67E910}.Release|Win32.Build.0 = Release|Win32
		{4BA8CD69-A14D-4D8E-86E4-0E52019901D6}.Debug|Win32.ActiveCfg = Debug|Win32
		{4BA8CD69-A14D-4D8E-86E4-0E52019901D6}.Debug|Win32.Build.0 = Debug|Win32
		{4BA8CD69-A14D-4D8E-86E4-0E52019901D6}.Release|Win32.ActiveCfg = Release|Win32
		{4BA8CD69-A14D-4D8E-86E4-0E52019901D6}.Release|Win32.Build.0 = Release|Win32
		{D91C71F8-3C58-473F-8A9E-77B6F233FC02}.Debug|Win32.ActiveCfg = Debug|Win32
		{D91C71F8-3C58-473F-8A9E-77B6F233FC02}.Debug|Win32.Build.0 = Debug|Win32
		{D91C71F8-3C58-473F-8A9E-77B6F233FC02}.Release|Win32.ActiveCfg = Release|Win32
		{D91C71F8-3C58-473F-8A9E-77B6F233FC02}.Release|Win32.Build.0 = Release|Win32
		{6323B34E-7BE6-4BDD-B0F2-F004771B34DB}.Debug|Win32.ActiveCfg = Debug|Win32
		{6323B34E-7BE6-4BDD-B0F2-F004771B34DB}.Debug|Win32.Build.0 = Debug|Win32
		{6323B34E-7BE6-4BDD-B0F2-F004771B34DB}.Release|Win32.ActiveCfg = Release|Win32
		{6323B34E-7BE6-4BDD-B0F2-F004771B34DB}.Release|Win32.Build.0 = Release|Win32
		{B91ED448-5977-47CE-8FDB-E7DE9D3D1789}.Debug|Win32.ActiveCfg = Debug|Win32
		{B91ED448-5977-47CE-8FDB-E7DE9D3D1789}.Debug|Win32.Build.0 = Debug|Win32
		{B91ED448-5977-47CE-8FDB-E7DE9D3D1789}.Release|Win32.ActiveCfg = Release|Win32
		{B91ED448-5977-47CE-8FDB-E7DE9D3D1789}.Release|Win32.Build.0 = Release|Win32
		{EF6034FB-826C-4A4A-B7AE-B99C3351F2BC}.Debug|Win32.ActiveCfg = Debug|Win32
		{EF6034FB-826C-4A4A-B7AE-B99C3351F2BC}.Debug|Win32.Build.0 = Debug|Win32
		{EF6034FB-826C-4A4A-B7AE-B99C3351F2BC}.Release|Win32.ActiveCfg = Release|Win32
		{EF6034FB-826C-4A4A-B7AE-B99C3351F2BC}.Release|Win32.Build.0 = Release|Win32
		{4EC2C116-1FA2-430B-B3D6-5AACFDC46E05}.Debug|Win32.ActiveCfg = Debug|Win32
		{4EC2C116-1FA2-430B-B3D6-5AACFDC46E05}.Debug|Win32.Build.0 = Debug|Win32
		{4EC2C116-1FA2-430B-B3D6-5AACFDC46E05}.Release|Win32.ActiveCfg = Release|Win32
		{4EC2C116-1FA2-430B-B3D6-5AACFDC46E05}.Release|Win32.Build.0 = Release|Win32
		{D05EB3C2-C5B7-4B5C-B748-394E728C233C}.Debug|Win32.ActiveCfg = Debug|Win32
		{D05EB3C2-C5B7-4B5C-B748-394E728C233C}.Debug|Win32.Build.0 = Debug|Win32
		{D05EB3C2-C5B7-4B5C-B748-394E728C233C}.Release|Win32.ActiveCfg = Release|Win32
		{D05EB3C2-C5B7-4B5C-B748-394E728C233C}.Release|Win32.Build.0 = Release|Win32
		{5A8CE404-C9B1-47F3-AFF4-CBAB6B8B00DF}.Debug|Win32.ActiveCfg = Debug|Win32
		{5A8CE404-C9B1-47F3-AFF4-CBAB6B8B00DF}.Debug|Win32.Build.0 = Debug|Win32
		{5A8CE404-C9B1-47F3-AFF4-CBAB6B8B00DF}.Release|Win32.ActiveCfg = Release|Win32
		{5A8CE404-C9B1-47F3-AFF4-CBAB6B8B00DF}.Release|Win32.Build.0 = Release|Win32
		{DC127A51-0724-4F61-93B2-7945DFAA13F0}.Debug|Win32.ActiveCfg = Debug|Win32
		{DC127A51-0724-4F61-93B2-7945DFAA13F0}.Debug|Win32.Build.0 = Debug|Win32
		{DC127A51-0724-4F61-93B2-7945DFAA13F0}.Release|Win32.ActiveCfg = Release|Win32
		{DC127A51-0724-4F61-93B2-7945DFAA13F0}.Release|Win32.Build.0 = Release|Win32
		{CBF002E0-1145-48AD-9942-F655545CCA10}.Debug|Win32.ActiveCfg = Debug|Win32
		{CBF002E0-1145-48AD-9942-F655545CCA10}.Debug|Win32.Build.0 = Debug|Win32
		{CBF002E0-1145-48AD-9942-F655545CCA10}.Release|Win32.ActiveCfg = Release|Win32
		{CBF002E0-1145-48AD-9942-F655545CCA10}.Release|Win32.Build.0 = Release|Win32
		{BED8A45C-6E82-460B-B01E-D2EEE87DDD48}.Debug|Win32.ActiveCfg = Debug|Win32
		{BED8A45C-6E82-460B-B01E-D2EEE87DDD48}.Debug|Win32.Build.0 = Debug|Win32
		{BED8A45C-6E82-460B-B01E-D2EEE87DDD48}.Release|Win32.ActiveCfg = Release|Win32
		{BED8A45C-6E82-460B-B01E-D2EEE87DDD48}.Release|Win32.Build.0 = Release|Win32
		{2B39CDE1-7FEB-470A-B568-837DAA01D381}.Debug|Win32.ActiveCfg = Debug|Win32
		{2B39CDE1-7FEB-470A-B568-837DAA01D381}.Debug|Win32.Build.0 = Debug|Win32
		{2B39CDE1-7FEB-470A-B568-837DAA01D381}.Release|Win32.ActiveCfg = Release|Win32
		{2B39CDE1-7FEB-470A-B568-837DAA01D381}.Release|Win32.Build.0 = Release|Win32
	EndGlobalSection
	GlobalSection(SolutionProperties) = preSolution
		HideSolutionNode = FALSE
	EndGlobalSection
EndGlobal
